
Microsoft Visual Studio Solution File, Format Version 12.00
# Visual Studio Version 16
VisualStudioVersion = 16.0.32602.291
MinimumVisualStudioVersion = 10.0.40219.1
Project("{FAE04EC0-301F-11D3-BF4B-00C04F79EFBC}") = "28_Answer", "28_Answer\28_Answer.csproj", "{4F25EDE2-2555-4101-B5F8-CAE9C570C030}"
EndProject
Global
	GlobalSection(SolutionConfigurationPlatforms) = preSolution
		Debug|Any CPU = Debug|Any CPU
		Release|Any CPU = Release|Any CPU
	EndGlobalSection
	GlobalSection(ProjectConfigurationPlatforms) = postSolution
		{4F25EDE2-2555-4101-B5F8-CAE9C570C030}.Debug|Any CPU.ActiveCfg = Debug|Any CPU
		{4F25EDE2-2555-4101-B5F8-CAE9C570C030}.Debug|Any CPU.Build.0 = Debug|Any CPU
		{4F25EDE2-2555-4101-B5F8-CAE9C570C030}.Release|Any CPU.ActiveCfg = Release|Any CPU
		{4F25EDE2-2555-4101-B5F8-CAE9C570C030}.Release|Any CPU.Build.0 = Release|Any CPU
	EndGlobalSection
	GlobalSection(SolutionProperties) = preSolution
		HideSolutionNode = FALSE
	EndGlobalSection
	GlobalSection(ExtensibilityGlobals) = postSolution
		SolutionGuid = {EC9C821A-AA97-47EB-8AF4-CF8A4958AACB}
	EndGlobalSection
EndGlobal
