
Microsoft Visual Studio Solution File, Format Version 12.00
# Visual Studio Version 16
VisualStudioVersion = 16.0.32002.261
MinimumVisualStudioVersion = 10.0.40219.1
Project("{FAE04EC0-301F-11D3-BF4B-00C04F79EFBC}") = "20_Answer1", "20_Answer1\20_Answer1.csproj", "{37CB1BA9-E516-4580-895D-4104805D41F9}"
EndProject
Global
	GlobalSection(SolutionConfigurationPlatforms) = preSolution
		Debug|Any CPU = Debug|Any CPU
		Release|Any CPU = Release|Any CPU
	EndGlobalSection
	GlobalSection(ProjectConfigurationPlatforms) = postSolution
		{37CB1BA9-E516-4580-895D-4104805D41F9}.Debug|Any CPU.ActiveCfg = Debug|Any CPU
		{37CB1BA9-E516-4580-895D-4104805D41F9}.Debug|Any CPU.Build.0 = Debug|Any CPU
		{37CB1BA9-E516-4580-895D-4104805D41F9}.Release|Any CPU.ActiveCfg = Release|Any CPU
		{37CB1BA9-E516-4580-895D-4104805D41F9}.Release|Any CPU.Build.0 = Release|Any CPU
	EndGlobalSection
	GlobalSection(SolutionProperties) = preSolution
		HideSolutionNode = FALSE
	EndGlobalSection
	GlobalSection(ExtensibilityGlobals) = postSolution
		SolutionGuid = {94939770-C379-466A-B14D-FCF11FA1F410}
	EndGlobalSection
EndGlobal
