
Microsoft Visual Studio Solution File, Format Version 12.00
# Visual Studio Version 16
VisualStudioVersion = 16.0.32002.261
MinimumVisualStudioVersion = 10.0.40219.1
Project("{FAE04EC0-301F-11D3-BF4B-00C04F79EFBC}") = "03_Answer1", "03\03_Answer1.csproj", "{AD0AF9FF-61F9-46D1-8761-9E33E6DE4EC2}"
EndProject
Project("{FAE04EC0-301F-11D3-BF4B-00C04F79EFBC}") = "03_Answer2", "03_Answer2\03_Answer2.csproj", "{90F1FC38-9D08-4574-A19A-628672013235}"
EndProject
Project("{FAE04EC0-301F-11D3-BF4B-00C04F79EFBC}") = "03_Answer3", "03_Answer3\03_Answer3.csproj", "{B0236458-E0AB-406F-A732-97897F39D8C8}"
EndProject
Global
	GlobalSection(SolutionConfigurationPlatforms) = preSolution
		Debug|Any CPU = Debug|Any CPU
		Release|Any CPU = Release|Any CPU
	EndGlobalSection
	GlobalSection(ProjectConfigurationPlatforms) = postSolution
		{AD0AF9FF-61F9-46D1-8761-9E33E6DE4EC2}.Debug|Any CPU.ActiveCfg = Debug|Any CPU
		{AD0AF9FF-61F9-46D1-8761-9E33E6DE4EC2}.Debug|Any CPU.Build.0 = Debug|Any CPU
		{AD0AF9FF-61F9-46D1-8761-9E33E6DE4EC2}.Release|Any CPU.ActiveCfg = Release|Any CPU
		{AD0AF9FF-61F9-46D1-8761-9E33E6DE4EC2}.Release|Any CPU.Build.0 = Release|Any CPU
		{90F1FC38-9D08-4574-A19A-628672013235}.Debug|Any CPU.ActiveCfg = Debug|Any CPU
		{90F1FC38-9D08-4574-A19A-628672013235}.Debug|Any CPU.Build.0 = Debug|Any CPU
		{90F1FC38-9D08-4574-A19A-628672013235}.Release|Any CPU.ActiveCfg = Release|Any CPU
		{90F1FC38-9D08-4574-A19A-628672013235}.Release|Any CPU.Build.0 = Release|Any CPU
		{B0236458-E0AB-406F-A732-97897F39D8C8}.Debug|Any CPU.ActiveCfg = Debug|Any CPU
		{B0236458-E0AB-406F-A732-97897F39D8C8}.Debug|Any CPU.Build.0 = Debug|Any CPU
		{B0236458-E0AB-406F-A732-97897F39D8C8}.Release|Any CPU.ActiveCfg = Release|Any CPU
		{B0236458-E0AB-406F-A732-97897F39D8C8}.Release|Any CPU.Build.0 = Release|Any CPU
	EndGlobalSection
	GlobalSection(SolutionProperties) = preSolution
		HideSolutionNode = FALSE
	EndGlobalSection
	GlobalSection(ExtensibilityGlobals) = postSolution
		SolutionGuid = {11E3BF84-14A0-4688-AB4B-30A7D5B2DBB9}
	EndGlobalSection
EndGlobal
