
Microsoft Visual Studio Solution File, Format Version 12.00
# Visual Studio Version 16
VisualStudioVersion = 16.0.32002.261
MinimumVisualStudioVersion = 10.0.40219.1
Project("{FAE04EC0-301F-11D3-BF4B-00C04F79EFBC}") = "12_Answer1", "12_Answer1\12_Answer1.csproj", "{0B3FF87C-8AC9-4714-8C11-F970553ED6EB}"
EndProject
Global
	GlobalSection(SolutionConfigurationPlatforms) = preSolution
		Debug|Any CPU = Debug|Any CPU
		Release|Any CPU = Release|Any CPU
	EndGlobalSection
	GlobalSection(ProjectConfigurationPlatforms) = postSolution
		{0B3FF87C-8AC9-4714-8C11-F970553ED6EB}.Debug|Any CPU.ActiveCfg = Debug|Any CPU
		{0B3FF87C-8AC9-4714-8C11-F970553ED6EB}.Debug|Any CPU.Build.0 = Debug|Any CPU
		{0B3FF87C-8AC9-4714-8C11-F970553ED6EB}.Release|Any CPU.ActiveCfg = Release|Any CPU
		{0B3FF87C-8AC9-4714-8C11-F970553ED6EB}.Release|Any CPU.Build.0 = Release|Any CPU
	EndGlobalSection
	GlobalSection(SolutionProperties) = preSolution
		HideSolutionNode = FALSE
	EndGlobalSection
	GlobalSection(ExtensibilityGlobals) = postSolution
		SolutionGuid = {4412A802-E654-4520-A8A0-B34DCFA65BCD}
	EndGlobalSection
EndGlobal
