
Microsoft Visual Studio Solution File, Format Version 12.00
# Visual Studio Version 16
VisualStudioVersion = 16.0.32602.291
MinimumVisualStudioVersion = 10.0.40219.1
Project("{FAE04EC0-301F-11D3-BF4B-00C04F79EFBC}") = "27_Answer", "27_Answer\27_Answer.csproj", "{F5106886-B1F8-4E92-8EA4-BCBD6DE6A1F7}"
EndProject
Global
	GlobalSection(SolutionConfigurationPlatforms) = preSolution
		Debug|Any CPU = Debug|Any CPU
		Release|Any CPU = Release|Any CPU
	EndGlobalSection
	GlobalSection(ProjectConfigurationPlatforms) = postSolution
		{F5106886-B1F8-4E92-8EA4-BCBD6DE6A1F7}.Debug|Any CPU.ActiveCfg = Debug|Any CPU
		{F5106886-B1F8-4E92-8EA4-BCBD6DE6A1F7}.Debug|Any CPU.Build.0 = Debug|Any CPU
		{F5106886-B1F8-4E92-8EA4-BCBD6DE6A1F7}.Release|Any CPU.ActiveCfg = Release|Any CPU
		{F5106886-B1F8-4E92-8EA4-BCBD6DE6A1F7}.Release|Any CPU.Build.0 = Release|Any CPU
	EndGlobalSection
	GlobalSection(SolutionProperties) = preSolution
		HideSolutionNode = FALSE
	EndGlobalSection
	GlobalSection(ExtensibilityGlobals) = postSolution
		SolutionGuid = {68DFB1A2-1F4B-41FF-A387-0143F3B2BA6B}
	EndGlobalSection
EndGlobal
